// !$*UTF8*$!
{
	archiveVersion = 1;
	classes = {
	};
	objectVersion = 50;
	objects = {

/* Begin PBXBuildFile section */
		7C606F9821BAFF5500139874 /* AppDelegate.swift in Sources */ = {isa = PBXBuildFile; fileRef = 7C606F9721BAFF5500139874 /* AppDelegate.swift */; };
		7C606F9A21BAFF5500139874 /* ViewController.swift in Sources */ = {isa = PBXBuildFile; fileRef = 7C606F9921BAFF5500139874 /* ViewController.swift */; };
		7C606F9D21BAFF5500139874 /* Main.storyboard in Resources */ = {isa = PBXBuildFile; fileRef = 7C606F9B21BAFF5500139874 /* Main.storyboard */; };
		7C606F9F21BAFF5500139874 /* Assets.xcassets in Resources */ = {isa = PBXBuildFile; fileRef = 7C606F9E21BAFF5500139874 /* Assets.xcassets */; };
		7C606FA221BAFF5500139874 /* LaunchScreen.storyboard in Resources */ = {isa = PBXBuildFile; fileRef = 7C606FA021BAFF5500139874 /* LaunchScreen.storyboard */; };
		7C606FAC21BB000F00139874 /* LabelsHolderView.xib in Resources */ = {isa = PBXBuildFile; fileRef = 7C606FAB21BB000F00139874 /* LabelsHolderView.xib */; };
/* End PBXBuildFile section */

/* Begin PBXFileReference section */
		7C606F9421BAFF5500139874 /* LoadXIBIntoScroll.app */ = {isa = PBXFileReference; explicitFileType = wrapper.application; includeInIndex = 0; path = LoadXIBIntoScroll.app; sourceTree = BUILT_PRODUCTS_DIR; };
		7C606F9721BAFF5500139874 /* AppDelegate.swift */ = {isa = PBXFileReference; lastKnownFileType = sourcecode.swift; path = AppDelegate.swift; sourceTree = "<group>"; };
		7C606F9921BAFF5500139874 /* ViewController.swift */ = {isa = PBXFileReference; lastKnownFileType = sourcecode.swift; path = ViewController.swift; sourceTree = "<group>"; };
		7C606F9C21BAFF5500139874 /* Base */ = {isa = PBXFileReference; lastKnownFileType = file.storyboard; name = Base; path = Base.lproj/Main.storyboard; sourceTree = "<group>"; };
		7C606F9E21BAFF5500139874 /* Assets.xcassets */ = {isa = PBXFileReference; lastKnownFileType = folder.assetcatalog; path = Assets.xcassets; sourceTree = "<group>"; };
		7C606FA121BAFF5500139874 /* Base */ = {isa = PBXFileReference; lastKnownFileType = file.storyboard; name = Base; path = Base.lproj/LaunchScreen.storyboard; sourceTree = "<group>"; };
		7C606FA321BAFF5500139874 /* Info.plist */ = {isa = PBXFileReference; lastKnownFileType = text.plist.xml; path = Info.plist; sourceTree = "<group>"; };
		7C606FAB21BB000F00139874 /* LabelsHolderView.xib */ = {isa = PBXFileReference; fileEncoding = 4; lastKnownFileType = file.xib; path = LabelsHolderView.xib; sourceTree = "<group>"; };
/* End PBXFileReference section */

/* Begin PBXFrameworksBuildPhase section */
		7C606F9121BAFF5500139874 /* Frameworks */ = {
			isa = PBXFrameworksBuildPhase;
			buildActionMask = 2147483647;
			files = (
			);
			runOnlyForDeploymentPostprocessing = 0;
		};
/* End PBXFrameworksBuildPhase section */

/* Begin PBXGroup section */
		7C606F8B21BAFF5500139874 = {
			isa = PBXGroup;
			children = (
				7C606F9621BAFF5500139874 /* LoadXIBIntoScroll */,
				7C606F9521BAFF5500139874 /* Products */,
			);
			sourceTree = "<group>";
		};
		7C606F9521BAFF5500139874 /* Products */ = {
			isa = PBXGroup;
			children = (
				7C606F9421BAFF5500139874 /* LoadXIBIntoScroll.app */,
			);
			name = Products;
			sourceTree = "<group>";
		};
		7C606F9621BAFF5500139874 /* LoadXIBIntoScroll */ = {
			isa = PBXGroup;
			children = (
				7C606F9721BAFF5500139874 /* AppDelegate.swift */,
				7C606F9921BAFF5500139874 /* ViewController.swift */,
				7C606F9B21BAFF5500139874 /* Main.storyboard */,
				7C606FAB21BB000F00139874 /* LabelsHolderView.xib */,
				7C606F9E21BAFF5500139874 /* Assets.xcassets */,
				7C606FA021BAFF5500139874 /* LaunchScreen.storyboard */,
				7C606FA321BAFF5500139874 /* Info.plist */,
			);
			path = LoadXIBIntoScroll;
			sourceTree = "<group>";
		};
/* End PBXGroup section */

/* Begin PBXNativeTarget section */
		7C606F9321BAFF5500139874 /* LoadXIBIntoScroll */ = {
			isa = PBXNativeTarget;
			buildConfigurationList = 7C606FA621BAFF5500139874 /* Build configuration list for PBXNativeTarget "LoadXIBIntoScroll" */;
			buildPhases = (
				7C606F9021BAFF5500139874 /* Sources */,
				7C606F9121BAFF5500139874 /* Frameworks */,
				7C606F9221BAFF5500139874 /* Resources */,
			);
			buildRules = (
			);
			dependencies = (
			);
			name = LoadXIBIntoScroll;
			productName = LoadXIBIntoScroll;
			productReference = 7C606F9421BAFF5500139874 /* LoadXIBIntoScroll.app */;
			productType = "com.apple.product-type.application";
		};
/* End PBXNativeTarget section */

/* Begin PBXProject section */
		7C606F8C21BAFF5500139874 /* Project object */ = {
			isa = PBXProject;
			attributes = {
				LastSwiftUpdateCheck = 0930;
				LastUpgradeCheck = 0930;
				ORGANIZATIONNAME = DonMag;
				TargetAttributes = {
					7C606F9321BAFF5500139874 = {
						CreatedOnToolsVersion = 9.3;
					};
				};
			};
			buildConfigurationList = 7C606F8F21BAFF5500139874 /* Build configuration list for PBXProject "LoadXIBIntoScroll" */;
			compatibilityVersion = "Xcode 9.3";
			developmentRegion = en;
			hasScannedForEncodings = 0;
			knownRegions = (
				en,
				Base,
			);
			mainGroup = 7C606F8B21BAFF5500139874;
			productRefGroup = 7C606F9521BAFF5500139874 /* Products */;
			projectDirPath = "";
			projectRoot = "";
			targets = (
				7C606F9321BAFF5500139874 /* LoadXIBIntoScroll */,
			);
		};
/* End PBXProject section */

/* Begin PBXResourcesBuildPhase section */
		7C606F9221BAFF5500139874 /* Resources */ = {
			isa = PBXResourcesBuildPhase;
			buildActionMask = 2147483647;
			files = (
				7C606FA221BAFF5500139874 /* LaunchScreen.storyboard in Resources */,
				7C606FAC21BB000F00139874 /* LabelsHolderView.xib in Resources */,
				7C606F9F21BAFF5500139874 /* Assets.xcassets in Resources */,
				7C606F9D21BAFF5500139874 /* Main.storyboard in Resources */,
			);
			runOnlyForDeploymentPostprocessing = 0;
		};
/* End PBXResourcesBuildPhase section */

/* Begin PBXSourcesBuildPhase section */
		7C606F9021BAFF5500139874 /* Sources */ = {
			isa = PBXSourcesBuildPhase;
			buildActionMask = 2147483647;
			files = (
				7C606F9A21BAFF5500139874 /* ViewController.swift in Sources */,
				7C606F9821BAFF5500139874 /* AppDelegate.swift in Sources */,
			);
			runOnlyForDeploymentPostprocessing = 0;
		};
/* End PBXSourcesBuildPhase section */

/* Begin PBXVariantGroup section */
		7C606F9B21BAFF5500139874 /* Main.storyboard */ = {
			isa = PBXVariantGroup;
			children = (
				7C606F9C21BAFF5500139874 /* Base */,
			);
			name = Main.storyboard;
			sourceTree = "<group>";
		};
		7C606FA021BAFF5500139874 /* LaunchScreen.storyboard */ = {
			isa = PBXVariantGroup;
			children = (
				7C606FA121BAFF5500139874 /* Base */,
			);
			name = LaunchScreen.storyboard;
			sourceTree = "<group>";
		};
/* End PBXVariantGroup section */

/* Begin XCBuildConfiguration section */
		7C606FA421BAFF5500139874 /* Debug */ = {
			isa = XCBuildConfiguration;
			buildSettings = {
				ALWAYS_SEARCH_USER_PATHS = NO;
				CLANG_ANALYZER_NONNULL = YES;
				CLANG_ANALYZER_NUMBER_OBJECT_CONVERSION = YES_AGGRESSIVE;
				CLANG_CXX_LANGUAGE_STANDARD = "gnu++14";
				CLANG_CXX_LIBRARY = "libc++";
				CLANG_ENABLE_MODULES = YES;
				CLANG_ENABLE_OBJC_ARC = YES;
				CLANG_ENABLE_OBJC_WEAK = YES;
				CLANG_WARN_BLOCK_CAPTURE_AUTORELEASING = YES;
				CLANG_WARN_BOOL_CONVERSION = YES;
				CLANG_WARN_COMMA = YES;
				CLANG_WARN_CONSTANT_CONVERSION = YES;
				CLANG_WARN_DEPRECATED_OBJC_IMPLEMENTATIONS = YES;
				CLANG_WARN_DIRECT_OBJC_ISA_USAGE = YES_ERROR;
				CLANG_WARN_DOCUMENTATION_COMMENTS = YES;
				CLANG_WARN_EMPTY_BODY = YES;
				CLANG_WARN_ENUM_CONVERSION = YES;
				CLANG_WARN_INFINITE_RECURSION = YES;
				CLANG_WARN_INT_CONVERSION = YES;
				CLANG_WARN_NON_LITERAL_NULL_CONVERSION = YES;
				CLANG_WARN_OBJC_IMPLICIT_RETAIN_SELF = YES;
				CLANG_WARN_OBJC_LITERAL_CONVERSION = YES;
				CLANG_WARN_OBJC_ROOT_CLASS = YES_ERROR;
				CLANG_WARN_RANGE_LOOP_ANALYSIS = YES;
				CLANG_WARN_STRICT_PROTOTYPES = YES;
				CLANG_WARN_SUSPICIOUS_MOVE = YES;
				CLANG_WARN_UNGUARDED_AVAILABILITY = YES_AGGRESSIVE;
				CLANG_WARN_UNREACHABLE_CODE = YES;
				CLANG_WARN__DUPLICATE_METHOD_MATCH = YES;
				CODE_SIGN_IDENTITY = "iPhone Developer";
				COPY_PHASE_STRIP = NO;
				DEBUG_INFORMATION_FORMAT = dwarf;
				ENABLE_STRICT_OBJC_MSGSEND = YES;
				ENABLE_TESTABILITY = YES;
				GCC_C_LANGUAGE_STANDARD = gnu11;
				GCC_DYNAMIC_NO_PIC = NO;
				GCC_NO_COMMON_BLOCKS = YES;
				GCC_OPTIMIZATION_LEVEL = 0;
				GCC_PREPROCESSOR_DEFINITIONS = (
					"DEBUG=1",
					"$(inherited)",
				);
				GCC_WARN_64_TO_32_BIT_CONVERSION = YES;
				GCC_WARN_ABOUT_RETURN_TYPE = YES_ERROR;
				GCC_WARN_UNDECLARED_SELECTOR = YES;
				GCC_WARN_UNINITIALIZED_AUTOS = YES_AGGRESSIVE;
				GCC_WARN_UNUSED_FUNCTION = YES;
				GCC_WARN_UNUSED_VARIABLE = YES;
				IPHONEOS_DEPLOYMENT_TARGET = 11.3;
				MTL_ENABLE_DEBUG_INFO = YES;
				ONLY_ACTIVE_ARCH = YES;
				SDKROOT = iphoneos;
				SWIFT_ACTIVE_COMPILATION_CONDITIONS = DEBUG;
				SWIFT_OPTIMIZATION_LEVEL = "-Onone";
			};
			name = Debug;
		};
		7C606FA521BAFF5500139874 /* Release */ = {
			isa = XCBuildConfiguration;
			buildSettings = {
				ALWAYS_SEARCH_USER_PATHS = NO;
				CLANG_ANALYZER_NONNULL = YES;
				CLANG_ANALYZER_NUMBER_OBJECT_CONVERSION = YES_AGGRESSIVE;
				CLANG_CXX_LANGUAGE_STANDARD = "gnu++14";
				CLANG_CXX_LIBRARY = "libc++";
				CLANG_ENABLE_MODULES = YES;
				CLANG_ENABLE_OBJC_ARC = YES;
				CLANG_ENABLE_OBJC_WEAK = YES;
				CLANG_WARN_BLOCK_CAPTURE_AUTORELEASING = YES;
				CLANG_WARN_BOOL_CONVERSION = YES;
				CLANG_WARN_COMMA = YES;
				CLANG_WARN_CONSTANT_CONVERSION = YES;
				CLANG_WARN_DEPRECATED_OBJC_IMPLEMENTATIONS = YES;
				CLANG_WARN_DIRECT_OBJC_ISA_USAGE = YES_ERROR;
				CLANG_WARN_DOCUMENTATION_COMMENTS = YES;
				CLANG_WARN_EMPTY_BODY = YES;
				CLANG_WARN_ENUM_CONVERSION = YES;
				CLANG_WARN_INFINITE_RECURSION = YES;
				CLANG_WARN_INT_CONVERSION = YES;
				CLANG_WARN_NON_LITERAL_NULL_CONVERSION = YES;
				CLANG_WARN_OBJC_IMPLICIT_RETAIN_SELF = YES;
				CLANG_WARN_OBJC_LITERAL_CONVERSION = YES;
				CLANG_WARN_OBJC_ROOT_CLASS = YES_ERROR;
				CLANG_WARN_RANGE_LOOP_ANALYSIS = YES;
				CLANG_WARN_STRICT_PROTOTYPES = YES;
				CLANG_WARN_SUSPICIOUS_MOVE = YES;
				CLANG_WARN_UNGUARDED_AVAILABILITY = YES_AGGRESSIVE;
				CLANG_WARN_UNREACHABLE_CODE = YES;
				CLANG_WARN__DUPLICATE_METHOD_MATCH = YES;
				CODE_SIGN_IDENTITY = "iPhone Developer";
				COPY_PHASE_STRIP = NO;
				DEBUG_INFORMATION_FORMAT = "dwarf-with-dsym";
				ENABLE_NS_ASSERTIONS = NO;
				ENABLE_STRICT_OBJC_MSGSEND = YES;
				GCC_C_LANGUAGE_STANDARD = gnu11;
				GCC_NO_COMMON_BLOCKS = YES;
				GCC_WARN_64_TO_32_BIT_CONVERSION = YES;
				GCC_WARN_ABOUT_RETURN_TYPE = YES_ERROR;
				GCC_WARN_UNDECLARED_SELECTOR = YES;
				GCC_WARN_UNINITIALIZED_AUTOS = YES_AGGRESSIVE;
				GCC_WARN_UNUSED_FUNCTION = YES;
				GCC_WARN_UNUSED_VARIABLE = YES;
				IPHONEOS_DEPLOYMENT_TARGET = 11.3;
				MTL_ENABLE_DEBUG_INFO = NO;
				SDKROOT = iphoneos;
				SWIFT_COMPILATION_MODE = wholemodule;
				SWIFT_OPTIMIZATION_LEVEL = "-O";
				VALIDATE_PRODUCT = YES;
			};
			name = Release;
		};
		7C606FA721BAFF5500139874 /* Debug */ = {
			isa = XCBuildConfiguration;
			buildSettings = {
				ASSETCATALOG_COMPILER_APPICON_NAME = AppIcon;
				CODE_SIGN_STYLE = Automatic;
				INFOPLIST_FILE = LoadXIBIntoScroll/Info.plist;
				LD_RUNPATH_SEARCH_PATHS = (
					"$(inherited)",
					"@executable_path/Frameworks",
				);
				PRODUCT_BUNDLE_IDENTIFIER = com.DonMag.LoadXIBIntoScroll;
				PRODUCT_NAME = "$(TARGET_NAME)";
				SWIFT_VERSION = 4.0;
				TARGETED_DEVICE_FAMILY = "1,2";
			};
			name = Debug;
		};
		7C606FA821BAFF5500139874 /* Release */ = {
			isa = XCBuildConfiguration;
			buildSettings = {
				ASSETCATALOG_COMPILER_APPICON_NAME = AppIcon;
				CODE_SIGN_STYLE = Automatic;
				INFOPLIST_FILE = LoadXIBIntoScroll/Info.plist;
				LD_RUNPATH_SEARCH_PATHS = (
					"$(inherited)",
					"@executable_path/Frameworks",
				);
				PRODUCT_BUNDLE_IDENTIFIER = com.DonMag.LoadXIBIntoScroll;
				PRODUCT_NAME = "$(TARGET_NAME)";
				SWIFT_VERSION = 4.0;
				TARGETED_DEVICE_FAMILY = "1,2";
			};
			name = Release;
		};
/* End XCBuildConfiguration section */

/* Begin XCConfigurationList section */
		7C606F8F21BAFF5500139874 /* Build configuration list for PBXProject "LoadXIBIntoScroll" */ = {
			isa = XCConfigurationList;
			buildConfigurations = (
				7C606FA421BAFF5500139874 /* Debug */,
				7C606FA521BAFF5500139874 /* Release */,
			);
			defaultConfigurationIsVisible = 0;
			defaultConfigurationName = Release;
		};
		7C606FA621BAFF5500139874 /* Build configuration list for PBXNativeTarget "LoadXIBIntoScroll" */ = {
			isa = XCConfigurationList;
			buildConfigurations = (
				7C606FA721BAFF5500139874 /* Debug */,
				7C606FA821BAFF5500139874 /* Release */,
			);
			defaultConfigurationIsVisible = 0;
			defaultConfigurationName = Release;
		};
/* End XCConfigurationList section */
	};
	rootObject = 7C606F8C21BAFF5500139874 /* Project object */;
}
